
Microsoft Visual Studio Solution File, Format Version 12.00
# Visual Studio Version 17
VisualStudioVersion = 17.2.32616.157
MinimumVisualStudioVersion = 10.0.40219.1
Project("{FAE04EC0-301F-11D3-BF4B-00C04F79EFBC}") = "Haushaltsbuch", "Haushaltsbuch\Haushaltsbuch.csproj", "{9FEF93C9-A663-4C9B-B72E-6BE01B00E282}"
EndProject
Global
	GlobalSection(SolutionConfigurationPlatforms) = preSolution
		Debug|Any CPU = Debug|Any CPU
		Release|Any CPU = Release|Any CPU
	EndGlobalSection
	GlobalSection(ProjectConfigurationPlatforms) = postSolution
		{9FEF93C9-A663-4C9B-B72E-6BE01B00E282}.Debug|Any CPU.ActiveCfg = Debug|Any CPU
		{9FEF93C9-A663-4C9B-B72E-6BE01B00E282}.Debug|Any CPU.Build.0 = Debug|Any CPU
		{9FEF93C9-A663-4C9B-B72E-6BE01B00E282}.Release|Any CPU.ActiveCfg = Release|Any CPU
		{9FEF93C9-A663-4C9B-B72E-6BE01B00E282}.Release|Any CPU.Build.0 = Release|Any CPU
	EndGlobalSection
	GlobalSection(SolutionProperties) = preSolution
		HideSolutionNode = FALSE
	EndGlobalSection
	GlobalSection(ExtensibilityGlobals) = postSolution
		SolutionGuid = {510BA5B8-B6B5-4643-81D5-5FF9F9216779}
	EndGlobalSection
EndGlobal
